
Microsoft Visual Studio Solution File, Format Version 12.00
# Visual Studio Version 16
VisualStudioVersion = 16.0.29009.5
MinimumVisualStudioVersion = 10.0.40219.1
Project("{9A19103F-16F7-4668-BE54-9A1E7A4F7556}") = "WebApplication1", "WebApplication1\WebApplication1.csproj", "{3BA7B8C2-0758-415F-9029-F691690702E5}"
EndProject
Project("{9A19103F-16F7-4668-BE54-9A1E7A4F7556}") = "WebApplication2", "WebApplication2\WebApplication2.csproj", "{6311041B-0125-485B-956B-4AC3AC8F9724}"
EndProject
Project("{9A19103F-16F7-4668-BE54-9A1E7A4F7556}") = "WebApplication3", "WebApplication3\WebApplication3.csproj", "{7CDEE914-99CA-48D8-8522-20CFAC72089D}"
EndProject
Global
	GlobalSection(SolutionConfigurationPlatforms) = preSolution
		Debug|Any CPU = Debug|Any CPU
		Release|Any CPU = Release|Any CPU
	EndGlobalSection
	GlobalSection(ProjectConfigurationPlatforms) = postSolution
		{3BA7B8C2-0758-415F-9029-F691690702E5}.Debug|Any CPU.ActiveCfg = Debug|Any CPU
		{3BA7B8C2-0758-415F-9029-F691690702E5}.Debug|Any CPU.Build.0 = Debug|Any CPU
		{3BA7B8C2-0758-415F-9029-F691690702E5}.Release|Any CPU.ActiveCfg = Release|Any CPU
		{3BA7B8C2-0758-415F-9029-F691690702E5}.Release|Any CPU.Build.0 = Release|Any CPU
		{6311041B-0125-485B-956B-4AC3AC8F9724}.Debug|Any CPU.ActiveCfg = Debug|Any CPU
		{6311041B-0125-485B-956B-4AC3AC8F9724}.Debug|Any CPU.Build.0 = Debug|Any CPU
		{6311041B-0125-485B-956B-4AC3AC8F9724}.Release|Any CPU.ActiveCfg = Release|Any CPU
		{6311041B-0125-485B-956B-4AC3AC8F9724}.Release|Any CPU.Build.0 = Release|Any CPU
		{7CDEE914-99CA-48D8-8522-20CFAC72089D}.Debug|Any CPU.ActiveCfg = Debug|Any CPU
		{7CDEE914-99CA-48D8-8522-20CFAC72089D}.Debug|Any CPU.Build.0 = Debug|Any CPU
		{7CDEE914-99CA-48D8-8522-20CFAC72089D}.Release|Any CPU.ActiveCfg = Release|Any CPU
		{7CDEE914-99CA-48D8-8522-20CFAC72089D}.Release|Any CPU.Build.0 = Release|Any CPU
	EndGlobalSection
	GlobalSection(SolutionProperties) = preSolution
		HideSolutionNode = FALSE
	EndGlobalSection
	GlobalSection(ExtensibilityGlobals) = postSolution
		SolutionGuid = {18748E0A-FA97-4026-A560-BCD074D27644}
	EndGlobalSection
EndGlobal
